
Microsoft Visual Studio Solution File, Format Version 12.00
# Visual Studio 14
VisualStudioVersion = 14.0.25123.0
MinimumVisualStudioVersion = 10.0.40219.1
Project("{FAE04EC0-301F-11D3-BF4B-00C04F79EFBC}") = "Ev Stok Takip", "Ev Stok Takip\Ev Stok Takip.csproj", "{DF012492-1BD8-4AC2-8954-80F4A68DFFCC}"
EndProject
Global
	GlobalSection(SolutionConfigurationPlatforms) = preSolution
		Debug|Any CPU = Debug|Any CPU
		Release|Any CPU = Release|Any CPU
	EndGlobalSection
	GlobalSection(ProjectConfigurationPlatforms) = postSolution
		{DF012492-1BD8-4AC2-8954-80F4A68DFFCC}.Debug|Any CPU.ActiveCfg = Debug|Any CPU
		{DF012492-1BD8-4AC2-8954-80F4A68DFFCC}.Debug|Any CPU.Build.0 = Debug|Any CPU
		{DF012492-1BD8-4AC2-8954-80F4A68DFFCC}.Release|Any CPU.ActiveCfg = Release|Any CPU
		{DF012492-1BD8-4AC2-8954-80F4A68DFFCC}.Release|Any CPU.Build.0 = Release|Any CPU
	EndGlobalSection
	GlobalSection(SolutionProperties) = preSolution
		HideSolutionNode = FALSE
	EndGlobalSection
EndGlobal
